// !$*UTF8*$!
{
	archiveVersion = 1;
	classes = {
	};
	objectVersion = 46;
	objects = {

/* Begin PBXBuildFile section */
		504669CC1CBB9BDE00CCA70D /* AppDelegate.swift in Sources */ = {isa = PBXBuildFile; fileRef = 504669CB1CBB9BDE00CCA70D /* AppDelegate.swift */; };
		504669CE1CBB9BDE00CCA70D /* Assets.xcassets in Resources */ = {isa = PBXBuildFile; fileRef = 504669CD1CBB9BDE00CCA70D /* Assets.xcassets */; };
		504669D11CBB9BDE00CCA70D /* MainMenu.xib in Resources */ = {isa = PBXBuildFile; fileRef = 504669CF1CBB9BDE00CCA70D /* MainMenu.xib */; };
		504669D91CBB9C2100CCA70D /* TableView.swift in Sources */ = {isa = PBXBuildFile; fileRef = 504669D81CBB9C2100CCA70D /* TableView.swift */; };
/* End PBXBuildFile section */

/* Begin PBXFileReference section */
		504669C81CBB9BDD00CCA70D /* EditableTableViewHeader.app */ = {isa = PBXFileReference; explicitFileType = wrapper.application; includeInIndex = 0; path = EditableTableViewHeader.app; sourceTree = BUILT_PRODUCTS_DIR; };
		504669CB1CBB9BDE00CCA70D /* AppDelegate.swift */ = {isa = PBXFileReference; lastKnownFileType = sourcecode.swift; path = AppDelegate.swift; sourceTree = "<group>"; };
		504669CD1CBB9BDE00CCA70D /* Assets.xcassets */ = {isa = PBXFileReference; lastKnownFileType = folder.assetcatalog; path = Assets.xcassets; sourceTree = "<group>"; };
		504669D01CBB9BDE00CCA70D /* Base */ = {isa = PBXFileReference; lastKnownFileType = file.xib; name = Base; path = Base.lproj/MainMenu.xib; sourceTree = "<group>"; };
		504669D21CBB9BDE00CCA70D /* Info.plist */ = {isa = PBXFileReference; lastKnownFileType = text.plist.xml; path = Info.plist; sourceTree = "<group>"; };
		504669D81CBB9C2100CCA70D /* TableView.swift */ = {isa = PBXFileReference; fileEncoding = 4; lastKnownFileType = sourcecode.swift; path = TableView.swift; sourceTree = "<group>"; };
/* End PBXFileReference section */

/* Begin PBXFrameworksBuildPhase section */
		504669C51CBB9BDD00CCA70D /* Frameworks */ = {
			isa = PBXFrameworksBuildPhase;
			buildActionMask = 2147483647;
			files = (
			);
			runOnlyForDeploymentPostprocessing = 0;
		};
/* End PBXFrameworksBuildPhase section */

/* Begin PBXGroup section */
		504669BF1CBB9BDD00CCA70D = {
			isa = PBXGroup;
			children = (
				504669CA1CBB9BDD00CCA70D /* EditableTableViewHeader */,
				504669C91CBB9BDD00CCA70D /* Products */,
			);
			sourceTree = "<group>";
		};
		504669C91CBB9BDD00CCA70D /* Products */ = {
			isa = PBXGroup;
			children = (
				504669C81CBB9BDD00CCA70D /* EditableTableViewHeader.app */,
			);
			name = Products;
			sourceTree = "<group>";
		};
		504669CA1CBB9BDD00CCA70D /* EditableTableViewHeader */ = {
			isa = PBXGroup;
			children = (
				504669CB1CBB9BDE00CCA70D /* AppDelegate.swift */,
				504669D81CBB9C2100CCA70D /* TableView.swift */,
				504669CD1CBB9BDE00CCA70D /* Assets.xcassets */,
				504669CF1CBB9BDE00CCA70D /* MainMenu.xib */,
				504669D21CBB9BDE00CCA70D /* Info.plist */,
			);
			path = EditableTableViewHeader;
			sourceTree = "<group>";
		};
/* End PBXGroup section */

/* Begin PBXNativeTarget section */
		504669C71CBB9BDD00CCA70D /* EditableTableViewHeader */ = {
			isa = PBXNativeTarget;
			buildConfigurationList = 504669D51CBB9BDE00CCA70D /* Build configuration list for PBXNativeTarget "EditableTableViewHeader" */;
			buildPhases = (
				504669C41CBB9BDD00CCA70D /* Sources */,
				504669C51CBB9BDD00CCA70D /* Frameworks */,
				504669C61CBB9BDD00CCA70D /* Resources */,
			);
			buildRules = (
			);
			dependencies = (
			);
			name = EditableTableViewHeader;
			productName = EditableTableViewHeader;
			productReference = 504669C81CBB9BDD00CCA70D /* EditableTableViewHeader.app */;
			productType = "com.apple.product-type.application";
		};
/* End PBXNativeTarget section */

/* Begin PBXProject section */
		504669C01CBB9BDD00CCA70D /* Project object */ = {
			isa = PBXProject;
			attributes = {
				LastSwiftUpdateCheck = 0730;
				LastUpgradeCheck = 0730;
				ORGANIZATIONNAME = "Christian Tietze";
				TargetAttributes = {
					504669C71CBB9BDD00CCA70D = {
						CreatedOnToolsVersion = 7.3;
					};
				};
			};
			buildConfigurationList = 504669C31CBB9BDD00CCA70D /* Build configuration list for PBXProject "EditableTableViewHeader" */;
			compatibilityVersion = "Xcode 3.2";
			developmentRegion = English;
			hasScannedForEncodings = 0;
			knownRegions = (
				en,
				Base,
			);
			mainGroup = 504669BF1CBB9BDD00CCA70D;
			productRefGroup = 504669C91CBB9BDD00CCA70D /* Products */;
			projectDirPath = "";
			projectRoot = "";
			targets = (
				504669C71CBB9BDD00CCA70D /* EditableTableViewHeader */,
			);
		};
/* End PBXProject section */

/* Begin PBXResourcesBuildPhase section */
		504669C61CBB9BDD00CCA70D /* Resources */ = {
			isa = PBXResourcesBuildPhase;
			buildActionMask = 2147483647;
			files = (
				504669CE1CBB9BDE00CCA70D /* Assets.xcassets in Resources */,
				504669D11CBB9BDE00CCA70D /* MainMenu.xib in Resources */,
			);
			runOnlyForDeploymentPostprocessing = 0;
		};
/* End PBXResourcesBuildPhase section */

/* Begin PBXSourcesBuildPhase section */
		504669C41CBB9BDD00CCA70D /* Sources */ = {
			isa = PBXSourcesBuildPhase;
			buildActionMask = 2147483647;
			files = (
				504669CC1CBB9BDE00CCA70D /* AppDelegate.swift in Sources */,
				504669D91CBB9C2100CCA70D /* TableView.swift in Sources */,
			);
			runOnlyForDeploymentPostprocessing = 0;
		};
/* End PBXSourcesBuildPhase section */

/* Begin PBXVariantGroup section */
		504669CF1CBB9BDE00CCA70D /* MainMenu.xib */ = {
			isa = PBXVariantGroup;
			children = (
				504669D01CBB9BDE00CCA70D /* Base */,
			);
			name = MainMenu.xib;
			sourceTree = "<group>";
		};
/* End PBXVariantGroup section */

/* Begin XCBuildConfiguration section */
		504669D31CBB9BDE00CCA70D /* Debug */ = {
			isa = XCBuildConfiguration;
			buildSettings = {
				ALWAYS_SEARCH_USER_PATHS = NO;
				CLANG_ANALYZER_NONNULL = YES;
				CLANG_CXX_LANGUAGE_STANDARD = "gnu++0x";
				CLANG_CXX_LIBRARY = "libc++";
				CLANG_ENABLE_MODULES = YES;
				CLANG_ENABLE_OBJC_ARC = YES;
				CLANG_WARN_BOOL_CONVERSION = YES;
				CLANG_WARN_CONSTANT_CONVERSION = YES;
				CLANG_WARN_DIRECT_OBJC_ISA_USAGE = YES_ERROR;
				CLANG_WARN_EMPTY_BODY = YES;
				CLANG_WARN_ENUM_CONVERSION = YES;
				CLANG_WARN_INT_CONVERSION = YES;
				CLANG_WARN_OBJC_ROOT_CLASS = YES_ERROR;
				CLANG_WARN_UNREACHABLE_CODE = YES;
				CLANG_WARN__DUPLICATE_METHOD_MATCH = YES;
				CODE_SIGN_IDENTITY = "-";
				COPY_PHASE_STRIP = NO;
				DEBUG_INFORMATION_FORMAT = dwarf;
				ENABLE_STRICT_OBJC_MSGSEND = YES;
				ENABLE_TESTABILITY = YES;
				GCC_C_LANGUAGE_STANDARD = gnu99;
				GCC_DYNAMIC_NO_PIC = NO;
				GCC_NO_COMMON_BLOCKS = YES;
				GCC_OPTIMIZATION_LEVEL = 0;
				GCC_PREPROCESSOR_DEFINITIONS = (
					"DEBUG=1",
					"$(inherited)",
				);
				GCC_WARN_64_TO_32_BIT_CONVERSION = YES;
				GCC_WARN_ABOUT_RETURN_TYPE = YES_ERROR;
				GCC_WARN_UNDECLARED_SELECTOR = YES;
				GCC_WARN_UNINITIALIZED_AUTOS = YES_AGGRESSIVE;
				GCC_WARN_UNUSED_FUNCTION = YES;
				GCC_WARN_UNUSED_VARIABLE = YES;
				MACOSX_DEPLOYMENT_TARGET = 10.11;
				MTL_ENABLE_DEBUG_INFO = YES;
				ONLY_ACTIVE_ARCH = YES;
				SDKROOT = macosx;
				SWIFT_OPTIMIZATION_LEVEL = "-Onone";
			};
			name = Debug;
		};
		504669D41CBB9BDE00CCA70D /* Release */ = {
			isa = XCBuildConfiguration;
			buildSettings = {
				ALWAYS_SEARCH_USER_PATHS = NO;
				CLANG_ANALYZER_NONNULL = YES;
				CLANG_CXX_LANGUAGE_STANDARD = "gnu++0x";
				CLANG_CXX_LIBRARY = "libc++";
				CLANG_ENABLE_MODULES = YES;
				CLANG_ENABLE_OBJC_ARC = YES;
				CLANG_WARN_BOOL_CONVERSION = YES;
				CLANG_WARN_CONSTANT_CONVERSION = YES;
				CLANG_WARN_DIRECT_OBJC_ISA_USAGE = YES_ERROR;
				CLANG_WARN_EMPTY_BODY = YES;
				CLANG_WARN_ENUM_CONVERSION = YES;
				CLANG_WARN_INT_CONVERSION = YES;
				CLANG_WARN_OBJC_ROOT_CLASS = YES_ERROR;
				CLANG_WARN_UNREACHABLE_CODE = YES;
				CLANG_WARN__DUPLICATE_METHOD_MATCH = YES;
				CODE_SIGN_IDENTITY = "-";
				COPY_PHASE_STRIP = NO;
				DEBUG_INFORMATION_FORMAT = "dwarf-with-dsym";
				ENABLE_NS_ASSERTIONS = NO;
				ENABLE_STRICT_OBJC_MSGSEND = YES;
				GCC_C_LANGUAGE_STANDARD = gnu99;
				GCC_NO_COMMON_BLOCKS = YES;
				GCC_WARN_64_TO_32_BIT_CONVERSION = YES;
				GCC_WARN_ABOUT_RETURN_TYPE = YES_ERROR;
				GCC_WARN_UNDECLARED_SELECTOR = YES;
				GCC_WARN_UNINITIALIZED_AUTOS = YES_AGGRESSIVE;
				GCC_WARN_UNUSED_FUNCTION = YES;
				GCC_WARN_UNUSED_VARIABLE = YES;
				MACOSX_DEPLOYMENT_TARGET = 10.11;
				MTL_ENABLE_DEBUG_INFO = NO;
				SDKROOT = macosx;
			};
			name = Release;
		};
		504669D61CBB9BDE00CCA70D /* Debug */ = {
			isa = XCBuildConfiguration;
			buildSettings = {
				ASSETCATALOG_COMPILER_APPICON_NAME = AppIcon;
				COMBINE_HIDPI_IMAGES = YES;
				INFOPLIST_FILE = EditableTableViewHeader/Info.plist;
				LD_RUNPATH_SEARCH_PATHS = "$(inherited) @executable_path/../Frameworks";
				PRODUCT_BUNDLE_IDENTIFIER = de.christiantietze.EditableTableViewHeader;
				PRODUCT_NAME = "$(TARGET_NAME)";
			};
			name = Debug;
		};
		504669D71CBB9BDE00CCA70D /* Release */ = {
			isa = XCBuildConfiguration;
			buildSettings = {
				ASSETCATALOG_COMPILER_APPICON_NAME = AppIcon;
				COMBINE_HIDPI_IMAGES = YES;
				INFOPLIST_FILE = EditableTableViewHeader/Info.plist;
				LD_RUNPATH_SEARCH_PATHS = "$(inherited) @executable_path/../Frameworks";
				PRODUCT_BUNDLE_IDENTIFIER = de.christiantietze.EditableTableViewHeader;
				PRODUCT_NAME = "$(TARGET_NAME)";
			};
			name = Release;
		};
/* End XCBuildConfiguration section */

/* Begin XCConfigurationList section */
		504669C31CBB9BDD00CCA70D /* Build configuration list for PBXProject "EditableTableViewHeader" */ = {
			isa = XCConfigurationList;
			buildConfigurations = (
				504669D31CBB9BDE00CCA70D /* Debug */,
				504669D41CBB9BDE00CCA70D /* Release */,
			);
			defaultConfigurationIsVisible = 0;
			defaultConfigurationName = Release;
		};
		504669D51CBB9BDE00CCA70D /* Build configuration list for PBXNativeTarget "EditableTableViewHeader" */ = {
			isa = XCConfigurationList;
			buildConfigurations = (
				504669D61CBB9BDE00CCA70D /* Debug */,
				504669D71CBB9BDE00CCA70D /* Release */,
			);
			defaultConfigurationIsVisible = 0;
		};
/* End XCConfigurationList section */
	};
	rootObject = 504669C01CBB9BDD00CCA70D /* Project object */;
}
